
Microsoft Visual Studio Solution File, Format Version 12.00
# Visual Studio Version 17
VisualStudioVersion = 17.14.36301.6
MinimumVisualStudioVersion = 10.0.40219.1
Project("{FAE04EC0-301F-11D3-BF4B-00C04F79EFBC}") = "MainApp", "MainApp\MainApp.csproj", "{9E6C6348-0513-42DF-AF93-83BA533110C6}"
EndProject
Project("{FAE04EC0-301F-11D3-BF4B-00C04F79EFBC}") = "Core", "Core\Core.csproj", "{97C48243-05EA-4499-BA1C-DD833EBD6DC1}"
EndProject
Project("{FAE04EC0-301F-11D3-BF4B-00C04F79EFBC}") = "UI", "UI\UI.csproj", "{43CC02E1-8EF6-4950-8BEC-0ACC4FAEB6A7}"
EndProject
Project("{FAE04EC0-301F-11D3-BF4B-00C04F79EFBC}") = "Module.Business.SG141", "Module.Business.M3\Module.Business.SG141.csproj", "{252A2E68-F4BF-4E4F-AE0C-6B591A4C29B1}"
EndProject
Global
	GlobalSection(SolutionConfigurationPlatforms) = preSolution
		Debug|Any CPU = Debug|Any CPU
		Release|Any CPU = Release|Any CPU
	EndGlobalSection
	GlobalSection(ProjectConfigurationPlatforms) = postSolution
		{9E6C6348-0513-42DF-AF93-83BA533110C6}.Debug|Any CPU.ActiveCfg = Debug|Any CPU
		{9E6C6348-0513-42DF-AF93-83BA533110C6}.Debug|Any CPU.Build.0 = Debug|Any CPU
		{9E6C6348-0513-42DF-AF93-83BA533110C6}.Release|Any CPU.ActiveCfg = Release|Any CPU
		{9E6C6348-0513-42DF-AF93-83BA533110C6}.Release|Any CPU.Build.0 = Release|Any CPU
		{97C48243-05EA-4499-BA1C-DD833EBD6DC1}.Debug|Any CPU.ActiveCfg = Debug|Any CPU
		{97C48243-05EA-4499-BA1C-DD833EBD6DC1}.Debug|Any CPU.Build.0 = Debug|Any CPU
		{97C48243-05EA-4499-BA1C-DD833EBD6DC1}.Release|Any CPU.ActiveCfg = Release|Any CPU
		{97C48243-05EA-4499-BA1C-DD833EBD6DC1}.Release|Any CPU.Build.0 = Release|Any CPU
		{43CC02E1-8EF6-4950-8BEC-0ACC4FAEB6A7}.Debug|Any CPU.ActiveCfg = Debug|Any CPU
		{43CC02E1-8EF6-4950-8BEC-0ACC4FAEB6A7}.Debug|Any CPU.Build.0 = Debug|Any CPU
		{43CC02E1-8EF6-4950-8BEC-0ACC4FAEB6A7}.Release|Any CPU.ActiveCfg = Release|Any CPU
		{43CC02E1-8EF6-4950-8BEC-0ACC4FAEB6A7}.Release|Any CPU.Build.0 = Release|Any CPU
		{252A2E68-F4BF-4E4F-AE0C-6B591A4C29B1}.Debug|Any CPU.ActiveCfg = Debug|Any CPU
		{252A2E68-F4BF-4E4F-AE0C-6B591A4C29B1}.Debug|Any CPU.Build.0 = Debug|Any CPU
		{252A2E68-F4BF-4E4F-AE0C-6B591A4C29B1}.Release|Any CPU.ActiveCfg = Release|Any CPU
		{252A2E68-F4BF-4E4F-AE0C-6B591A4C29B1}.Release|Any CPU.Build.0 = Release|Any CPU
	EndGlobalSection
	GlobalSection(SolutionProperties) = preSolution
		HideSolutionNode = FALSE
	EndGlobalSection
	GlobalSection(ExtensibilityGlobals) = postSolution
		SolutionGuid = {27F3F71E-4F87-4932-88DA-EE72A603D9C9}
	EndGlobalSection
EndGlobal
